
Microsoft Visual Studio Solution File, Format Version 12.00
# Visual Studio 15
VisualStudioVersion = 15.0.27428.2037
MinimumVisualStudioVersion = 10.0.40219.1
Project("{F184B08F-C81C-45F6-A57F-5ABD9991F28F}") = "Magna.DualTester", "Magna.DualTester.vbproj", "{BD923658-F986-469C-A7C7-66F1FDFC3CD2}"
EndProject
Global
	GlobalSection(SolutionConfigurationPlatforms) = preSolution
		Debug|Any CPU = Debug|Any CPU
		Debug|x86 = Debug|x86
		Release|Any CPU = Release|Any CPU
		Release|x86 = Release|x86
	EndGlobalSection
	GlobalSection(ProjectConfigurationPlatforms) = postSolution
		{BD923658-F986-469C-A7C7-66F1FDFC3CD2}.Debug|Any CPU.ActiveCfg = Debug|Any CPU
		{BD923658-F986-469C-A7C7-66F1FDFC3CD2}.Debug|Any CPU.Build.0 = Debug|Any CPU
		{BD923658-F986-469C-A7C7-66F1FDFC3CD2}.Debug|x86.ActiveCfg = Debug|x86
		{BD923658-F986-469C-A7C7-66F1FDFC3CD2}.Debug|x86.Build.0 = Debug|x86
		{BD923658-F986-469C-A7C7-66F1FDFC3CD2}.Release|Any CPU.ActiveCfg = Release|Any CPU
		{BD923658-F986-469C-A7C7-66F1FDFC3CD2}.Release|Any CPU.Build.0 = Release|Any CPU
		{BD923658-F986-469C-A7C7-66F1FDFC3CD2}.Release|x86.ActiveCfg = Release|x86
		{BD923658-F986-469C-A7C7-66F1FDFC3CD2}.Release|x86.Build.0 = Release|x86
	EndGlobalSection
	GlobalSection(SolutionProperties) = preSolution
		HideSolutionNode = FALSE
	EndGlobalSection
	GlobalSection(ExtensibilityGlobals) = postSolution
		SolutionGuid = {CFC90DB8-7199-4064-9C19-C25D8866D864}
	EndGlobalSection
EndGlobal
